
Microsoft Visual Studio Solution File, Format Version 12.00
# Visual Studio 15
VisualStudioVersion = 15.0.26730.15
MinimumVisualStudioVersion = 10.0.40219.1
Project("{FAE04EC0-301F-11D3-BF4B-00C04F79EFBC}") = "Machine (Template Method)", "Machine (Template Method)\Machine (Template Method).csproj", "{F98FC765-9D8E-4386-8E7B-2D1B26E50FA8}"
EndProject
Global
	GlobalSection(SolutionConfigurationPlatforms) = preSolution
		Debug|Any CPU = Debug|Any CPU
		Release|Any CPU = Release|Any CPU
	EndGlobalSection
	GlobalSection(ProjectConfigurationPlatforms) = postSolution
		{F98FC765-9D8E-4386-8E7B-2D1B26E50FA8}.Debug|Any CPU.ActiveCfg = Debug|Any CPU
		{F98FC765-9D8E-4386-8E7B-2D1B26E50FA8}.Debug|Any CPU.Build.0 = Debug|Any CPU
		{F98FC765-9D8E-4386-8E7B-2D1B26E50FA8}.Release|Any CPU.ActiveCfg = Release|Any CPU
		{F98FC765-9D8E-4386-8E7B-2D1B26E50FA8}.Release|Any CPU.Build.0 = Release|Any CPU
	EndGlobalSection
	GlobalSection(SolutionProperties) = preSolution
		HideSolutionNode = FALSE
	EndGlobalSection
	GlobalSection(ExtensibilityGlobals) = postSolution
		SolutionGuid = {056B0A03-36C7-462D-B969-37FF0328A39B}
	EndGlobalSection
EndGlobal
